
Microsoft Visual Studio Solution File, Format Version 12.00
# Visual Studio Version 17
VisualStudioVersion = 17.6.33815.320
MinimumVisualStudioVersion = 10.0.40219.1
Project("{FAE04EC0-301F-11D3-BF4B-00C04F79EFBC}") = "MessagingApp", "MessagingApp\MessagingApp.csproj", "{210B0832-8330-4207-B569-1F94155D565E}"
EndProject
Global
	GlobalSection(SolutionConfigurationPlatforms) = preSolution
		Debug|Any CPU = Debug|Any CPU
		Release|Any CPU = Release|Any CPU
	EndGlobalSection
	GlobalSection(ProjectConfigurationPlatforms) = postSolution
		{210B0832-8330-4207-B569-1F94155D565E}.Debug|Any CPU.ActiveCfg = Debug|Any CPU
		{210B0832-8330-4207-B569-1F94155D565E}.Debug|Any CPU.Build.0 = Debug|Any CPU
		{210B0832-8330-4207-B569-1F94155D565E}.Release|Any CPU.ActiveCfg = Release|Any CPU
		{210B0832-8330-4207-B569-1F94155D565E}.Release|Any CPU.Build.0 = Release|Any CPU
	EndGlobalSection
	GlobalSection(SolutionProperties) = preSolution
		HideSolutionNode = FALSE
	EndGlobalSection
	GlobalSection(ExtensibilityGlobals) = postSolution
		SolutionGuid = {2719CD4D-6770-4D05-8722-80D7A2F96F09}
	EndGlobalSection
EndGlobal
